
Microsoft Visual Studio Solution File, Format Version 12.00
Project("{2150E333-8FDC-42A3-9474-1A3956D46DE8}") = "Mods", "src\Mods", "{59712F79-3869-469D-A073-70413A7CDF11}"
EndProject
Project("{2150E333-8FDC-42A3-9474-1A3956D46DE8}") = "CoreLib", "src\CoreLib", "{BAC9D15B-84FE-444C-B2FC-0073F50C2F72}"
EndProject
Project("{8BC9CEB8-8B4A-11D0-8D11-00A0C91BC942}") = "CLRBootstrap", "src\CoreLib\CLRBootstrap\CLRBootstrap.vcxproj", "{8AC33CA9-D451-4B94-8FDF-1A698235388E}"
EndProject
Project("{FAE04EC0-301F-11D3-BF4B-00C04F79EFBC}") = "Dawn.AOT.CoreLib.X86", "src\CoreLib\Dawn.AOT.CoreLib.X86\Dawn.AOT.CoreLib.X86.csproj", "{7D8DD70B-CF50-40AE-83B1-BA615CF54DA4}"
EndProject
Project("{FAE04EC0-301F-11D3-BF4B-00C04F79EFBC}") = "ModLoader", "src\ModLoader\ModLoader.csproj", "{B5B9A47E-5903-4CC7-9629-5E15DAA83F07}"
EndProject
Project("{FAE04EC0-301F-11D3-BF4B-00C04F79EFBC}") = "ScratchPad", "src\ScratchPad\ScratchPad.csproj", "{DB2AE3CE-B8BA-4507-9810-50FFC7D36B0D}"
EndProject
Project("{FAE04EC0-301F-11D3-BF4B-00C04F79EFBC}") = "BorderlessWindowed", "src\Mods\BorderlessWindowed\BorderlessWindowed.csproj", "{1757F677-7C7F-43FC-9FCF-7BA0F9910055}"
EndProject
Project("{FAE04EC0-301F-11D3-BF4B-00C04F79EFBC}") = "DummyDLL", "src\Mods\DummyDLL\DummyDLL.csproj", "{FAA6F7ED-9EEB-4CDA-B2BB-B8137012DA95}"
EndProject
Project("{FAE04EC0-301F-11D3-BF4B-00C04F79EFBC}") = "InteractLuaVM", "src\CoreLib\InteractLuaVM\InteractLuaVM.csproj", "{8C6DFD0C-6B51-4B6E-B63D-5E82D5D5551C}"
EndProject
Project("{FAE04EC0-301F-11D3-BF4B-00C04F79EFBC}") = "ModdingTools", "src\CoreLib\ModdingTools\ModdingTools.csproj", "{62A5C8CD-C9D3-4B9A-AFA8-432754F0EC46}"
EndProject
Project("{FAE04EC0-301F-11D3-BF4B-00C04F79EFBC}") = "LuaHello", "src\Mods\LuaHello\LuaHello.csproj", "{A1A08955-453D-4C92-9357-9800E580403C}"
EndProject
Project("{FAE04EC0-301F-11D3-BF4B-00C04F79EFBC}") = "UnlockMouse", "src\Mods\UnlockMouse\UnlockMouse.csproj", "{B2E2871E-8961-4441-B7E1-49FDDA20DD8C}"
EndProject
Global
	GlobalSection(SolutionConfigurationPlatforms) = preSolution
		Debug|Any CPU = Debug|Any CPU
		Release|Any CPU = Release|Any CPU
	EndGlobalSection
	GlobalSection(ProjectConfigurationPlatforms) = postSolution
		{7D8DD70B-CF50-40AE-83B1-BA615CF54DA4}.Debug|Any CPU.ActiveCfg = Debug|Any CPU
		{7D8DD70B-CF50-40AE-83B1-BA615CF54DA4}.Debug|Any CPU.Build.0 = Debug|Any CPU
		{7D8DD70B-CF50-40AE-83B1-BA615CF54DA4}.Release|Any CPU.ActiveCfg = Release|Any CPU
		{7D8DD70B-CF50-40AE-83B1-BA615CF54DA4}.Release|Any CPU.Build.0 = Release|Any CPU
		{B5B9A47E-5903-4CC7-9629-5E15DAA83F07}.Debug|Any CPU.ActiveCfg = Debug|Any CPU
		{B5B9A47E-5903-4CC7-9629-5E15DAA83F07}.Debug|Any CPU.Build.0 = Debug|Any CPU
		{B5B9A47E-5903-4CC7-9629-5E15DAA83F07}.Release|Any CPU.ActiveCfg = Release|Any CPU
		{B5B9A47E-5903-4CC7-9629-5E15DAA83F07}.Release|Any CPU.Build.0 = Release|Any CPU
		{DB2AE3CE-B8BA-4507-9810-50FFC7D36B0D}.Debug|Any CPU.ActiveCfg = Debug|Any CPU
		{DB2AE3CE-B8BA-4507-9810-50FFC7D36B0D}.Debug|Any CPU.Build.0 = Debug|Any CPU
		{DB2AE3CE-B8BA-4507-9810-50FFC7D36B0D}.Release|Any CPU.ActiveCfg = Release|Any CPU
		{DB2AE3CE-B8BA-4507-9810-50FFC7D36B0D}.Release|Any CPU.Build.0 = Release|Any CPU
		{1757F677-7C7F-43FC-9FCF-7BA0F9910055}.Debug|Any CPU.ActiveCfg = Debug|Any CPU
		{1757F677-7C7F-43FC-9FCF-7BA0F9910055}.Debug|Any CPU.Build.0 = Debug|Any CPU
		{1757F677-7C7F-43FC-9FCF-7BA0F9910055}.Release|Any CPU.ActiveCfg = Release|Any CPU
		{1757F677-7C7F-43FC-9FCF-7BA0F9910055}.Release|Any CPU.Build.0 = Release|Any CPU
		{FAA6F7ED-9EEB-4CDA-B2BB-B8137012DA95}.Debug|Any CPU.ActiveCfg = Debug|Any CPU
		{FAA6F7ED-9EEB-4CDA-B2BB-B8137012DA95}.Debug|Any CPU.Build.0 = Debug|Any CPU
		{FAA6F7ED-9EEB-4CDA-B2BB-B8137012DA95}.Release|Any CPU.ActiveCfg = Release|Any CPU
		{FAA6F7ED-9EEB-4CDA-B2BB-B8137012DA95}.Release|Any CPU.Build.0 = Release|Any CPU
		{8C6DFD0C-6B51-4B6E-B63D-5E82D5D5551C}.Debug|Any CPU.ActiveCfg = Debug|Any CPU
		{8C6DFD0C-6B51-4B6E-B63D-5E82D5D5551C}.Debug|Any CPU.Build.0 = Debug|Any CPU
		{8C6DFD0C-6B51-4B6E-B63D-5E82D5D5551C}.Release|Any CPU.ActiveCfg = Release|Any CPU
		{8C6DFD0C-6B51-4B6E-B63D-5E82D5D5551C}.Release|Any CPU.Build.0 = Release|Any CPU
		{62A5C8CD-C9D3-4B9A-AFA8-432754F0EC46}.Debug|Any CPU.ActiveCfg = Debug|Any CPU
		{62A5C8CD-C9D3-4B9A-AFA8-432754F0EC46}.Debug|Any CPU.Build.0 = Debug|Any CPU
		{62A5C8CD-C9D3-4B9A-AFA8-432754F0EC46}.Release|Any CPU.ActiveCfg = Release|Any CPU
		{62A5C8CD-C9D3-4B9A-AFA8-432754F0EC46}.Release|Any CPU.Build.0 = Release|Any CPU
		{A1A08955-453D-4C92-9357-9800E580403C}.Debug|Any CPU.ActiveCfg = Debug|Any CPU
		{A1A08955-453D-4C92-9357-9800E580403C}.Debug|Any CPU.Build.0 = Debug|Any CPU
		{A1A08955-453D-4C92-9357-9800E580403C}.Release|Any CPU.ActiveCfg = Release|Any CPU
		{A1A08955-453D-4C92-9357-9800E580403C}.Release|Any CPU.Build.0 = Release|Any CPU
		{B2E2871E-8961-4441-B7E1-49FDDA20DD8C}.Debug|Any CPU.ActiveCfg = Debug|Any CPU
		{B2E2871E-8961-4441-B7E1-49FDDA20DD8C}.Debug|Any CPU.Build.0 = Debug|Any CPU
		{B2E2871E-8961-4441-B7E1-49FDDA20DD8C}.Release|Any CPU.ActiveCfg = Release|Any CPU
		{B2E2871E-8961-4441-B7E1-49FDDA20DD8C}.Release|Any CPU.Build.0 = Release|Any CPU
	EndGlobalSection
	GlobalSection(NestedProjects) = preSolution
		{7D8DD70B-CF50-40AE-83B1-BA615CF54DA4} = {BAC9D15B-84FE-444C-B2FC-0073F50C2F72}
		{1757F677-7C7F-43FC-9FCF-7BA0F9910055} = {59712F79-3869-469D-A073-70413A7CDF11}
		{FAA6F7ED-9EEB-4CDA-B2BB-B8137012DA95} = {59712F79-3869-469D-A073-70413A7CDF11}
		{8AC33CA9-D451-4B94-8FDF-1A698235388E} = {BAC9D15B-84FE-444C-B2FC-0073F50C2F72}
		{8C6DFD0C-6B51-4B6E-B63D-5E82D5D5551C} = {BAC9D15B-84FE-444C-B2FC-0073F50C2F72}
		{62A5C8CD-C9D3-4B9A-AFA8-432754F0EC46} = {BAC9D15B-84FE-444C-B2FC-0073F50C2F72}
		{A1A08955-453D-4C92-9357-9800E580403C} = {59712F79-3869-469D-A073-70413A7CDF11}
		{B2E2871E-8961-4441-B7E1-49FDDA20DD8C} = {59712F79-3869-469D-A073-70413A7CDF11}
	EndGlobalSection
EndGlobal
